// !$*UTF8*$!
{
	archiveVersion = 1;
	classes = {
	};
	objectVersion = 56;
	objects = {

/* Begin PBXBuildFile section */
		5A10A2442A6CBF060081160D /* DatabaseManager.swift in Sources */ = {isa = PBXBuildFile; fileRef = 5A10A2432A6CBF060081160D /* DatabaseManager.swift */; };
		5A10A2472A6CFB9D0081160D /* OudoorUser.swift in Sources */ = {isa = PBXBuildFile; fileRef = 5A10A2462A6CFB9D0081160D /* OudoorUser.swift */; };
		5A10A2492A6D400C0081160D /* UIButtonEX.swift in Sources */ = {isa = PBXBuildFile; fileRef = 5A10A2482A6D400C0081160D /* UIButtonEX.swift */; };
		5A45266A2A6F564F001E2028 /* TabBarViewController.swift in Sources */ = {isa = PBXBuildFile; fileRef = 5A4526692A6F564F001E2028 /* TabBarViewController.swift */; };
		5A4526702A6F5C3F001E2028 /* HomeContainerViewController.swift in Sources */ = {isa = PBXBuildFile; fileRef = 5A45266F2A6F5C3F001E2028 /* HomeContainerViewController.swift */; };
		5A4526722A6F5CA3001E2028 /* SpotlightViewController.swift in Sources */ = {isa = PBXBuildFile; fileRef = 5A4526712A6F5CA3001E2028 /* SpotlightViewController.swift */; };
		5A4526742A6F5CBF001E2028 /* BreakingNewsViewController.swift in Sources */ = {isa = PBXBuildFile; fileRef = 5A4526732A6F5CBF001E2028 /* BreakingNewsViewController.swift */; };
		5A4526762A6F5CE3001E2028 /* FollowingViewController.swift in Sources */ = {isa = PBXBuildFile; fileRef = 5A4526752A6F5CE3001E2028 /* FollowingViewController.swift */; };
		5A4526782A6F5D8C001E2028 /* HomeViewController.swift in Sources */ = {isa = PBXBuildFile; fileRef = 5A4526772A6F5D8C001E2028 /* HomeViewController.swift */; };
		5A45267B2A6FDAE9001E2028 /* SearchViewController.swift in Sources */ = {isa = PBXBuildFile; fileRef = 5A45267A2A6FDAE9001E2028 /* SearchViewController.swift */; };
		5A45267D2A6FDAF8001E2028 /* NotificViewController.swift in Sources */ = {isa = PBXBuildFile; fileRef = 5A45267C2A6FDAF8001E2028 /* NotificViewController.swift */; };
		5A45267F2A6FDB09001E2028 /* UserInfoViewController.swift in Sources */ = {isa = PBXBuildFile; fileRef = 5A45267E2A6FDB09001E2028 /* UserInfoViewController.swift */; };
		5A4526E12A70FECE001E2028 /* StorageManager.swift in Sources */ = {isa = PBXBuildFile; fileRef = 5A4526E02A70FECE001E2028 /* StorageManager.swift */; };
		5AAB15722A7D3A55007FD20A /* scroll+ EX.swift in Sources */ = {isa = PBXBuildFile; fileRef = 5AAB15712A7D3A55007FD20A /* scroll+ EX.swift */; };
		5AAB15742A7D5F14007FD20A /* UIViewControllerEX.swift in Sources */ = {isa = PBXBuildFile; fileRef = 5AAB15732A7D5F14007FD20A /* UIViewControllerEX.swift */; };
		5AAE1FF52A72A970000EA78D /* SettingViewController.swift in Sources */ = {isa = PBXBuildFile; fileRef = 5AAE1FF42A72A970000EA78D /* SettingViewController.swift */; };
		5AAE1FF72A72B529000EA78D /* Setting.swift in Sources */ = {isa = PBXBuildFile; fileRef = 5AAE1FF62A72B529000EA78D /* Setting.swift */; };
		5AAE1FFA2A72B8A1000EA78D /* SettingCell.xib in Resources */ = {isa = PBXBuildFile; fileRef = 5AAE1FF82A72B8A1000EA78D /* SettingCell.xib */; };
		5AAE1FFB2A72B8A1000EA78D /* SettingCell.swift in Sources */ = {isa = PBXBuildFile; fileRef = 5AAE1FF92A72B8A1000EA78D /* SettingCell.swift */; };
		5AAE1FFD2A72B98E000EA78D /* UIAlertEX.swift in Sources */ = {isa = PBXBuildFile; fileRef = 5AAE1FFC2A72B98E000EA78D /* UIAlertEX.swift */; };
		5AAE20012A72C973000EA78D /* ChangeUserDescriptionViewController.swift in Sources */ = {isa = PBXBuildFile; fileRef = 5AAE1FFE2A72C973000EA78D /* ChangeUserDescriptionViewController.swift */; };
		5AAE20022A72C973000EA78D /* UpdateUserInfoViewController.swift in Sources */ = {isa = PBXBuildFile; fileRef = 5AAE1FFF2A72C973000EA78D /* UpdateUserInfoViewController.swift */; };
		5AAE20032A72C973000EA78D /* UserInfoDetailViewController.swift in Sources */ = {isa = PBXBuildFile; fileRef = 5AAE20002A72C973000EA78D /* UserInfoDetailViewController.swift */; };
		5AAE20082A72CAC3000EA78D /* UpDateUserInfoCell.swift in Sources */ = {isa = PBXBuildFile; fileRef = 5AAE20042A72CAC2000EA78D /* UpDateUserInfoCell.swift */; };
		5AAE20092A72CAC3000EA78D /* UpDateUserInfoCell.xib in Resources */ = {isa = PBXBuildFile; fileRef = 5AAE20052A72CAC2000EA78D /* UpDateUserInfoCell.xib */; };
		5AAE200A2A72CAC3000EA78D /* EditUserInfoCell.xib in Resources */ = {isa = PBXBuildFile; fileRef = 5AAE20062A72CAC3000EA78D /* EditUserInfoCell.xib */; };
		5AAE200B2A72CAC3000EA78D /* EditUserInfoCell.swift in Sources */ = {isa = PBXBuildFile; fileRef = 5AAE20072A72CAC3000EA78D /* EditUserInfoCell.swift */; };
		5AAE200D2A73A254000EA78D /* String+EX.swift in Sources */ = {isa = PBXBuildFile; fileRef = 5AAE200C2A73A254000EA78D /* String+EX.swift */; };
		5AAE20372A76D684000EA78D /* PreviewAvatarViewController.swift in Sources */ = {isa = PBXBuildFile; fileRef = 5AAE20362A76D684000EA78D /* PreviewAvatarViewController.swift */; };
		5AAE203A2A77A1CA000EA78D /* Localizable.strings in Resources */ = {isa = PBXBuildFile; fileRef = 5AAE203C2A77A1CA000EA78D /* Localizable.strings */; };
		5AAE20462A79E8DD000EA78D /* PostViewController.swift in Sources */ = {isa = PBXBuildFile; fileRef = 5AAE20452A79E8DD000EA78D /* PostViewController.swift */; };
		5AC082D22A84757400FF8B84 /* VideoLibraryCollectionViewCell.swift in Sources */ = {isa = PBXBuildFile; fileRef = 5AC082D02A84757400FF8B84 /* VideoLibraryCollectionViewCell.swift */; };
		5AC082D32A84757400FF8B84 /* VideoLibraryCollectionViewCell.xib in Resources */ = {isa = PBXBuildFile; fileRef = 5AC082D12A84757400FF8B84 /* VideoLibraryCollectionViewCell.xib */; };
		5AC082D72A853D9A00FF8B84 /* GaleryItemViewController.swift in Sources */ = {isa = PBXBuildFile; fileRef = 5AC082D62A853D9A00FF8B84 /* GaleryItemViewController.swift */; };
		5AC082DA2A86BE2F00FF8B84 /* PhotoLibraryCollectionViewCell.swift in Sources */ = {isa = PBXBuildFile; fileRef = 5AC082D82A86BE2F00FF8B84 /* PhotoLibraryCollectionViewCell.swift */; };
		5AC082DB2A86BE2F00FF8B84 /* PhotoLibraryCollectionViewCell.xib in Resources */ = {isa = PBXBuildFile; fileRef = 5AC082D92A86BE2F00FF8B84 /* PhotoLibraryCollectionViewCell.xib */; };
		5AD42AA72A68DE7400D51C6F /* AppDelegate.swift in Sources */ = {isa = PBXBuildFile; fileRef = 5AD42AA62A68DE7400D51C6F /* AppDelegate.swift */; };
		5AD42AA92A68DE7400D51C6F /* SceneDelegate.swift in Sources */ = {isa = PBXBuildFile; fileRef = 5AD42AA82A68DE7400D51C6F /* SceneDelegate.swift */; };
		5AD42AAB2A68DE7400D51C6F /* ViewController.swift in Sources */ = {isa = PBXBuildFile; fileRef = 5AD42AAA2A68DE7400D51C6F /* ViewController.swift */; };
		5AD42AAE2A68DE7400D51C6F /* Main.storyboard in Resources */ = {isa = PBXBuildFile; fileRef = 5AD42AAC2A68DE7400D51C6F /* Main.storyboard */; };
		5AD42AB02A68DE7600D51C6F /* Assets.xcassets in Resources */ = {isa = PBXBuildFile; fileRef = 5AD42AAF2A68DE7600D51C6F /* Assets.xcassets */; };
		5AD42AB32A68DE7600D51C6F /* LaunchScreen.storyboard in Resources */ = {isa = PBXBuildFile; fileRef = 5AD42AB12A68DE7600D51C6F /* LaunchScreen.storyboard */; };
		5AD42ABB2A68DF7E00D51C6F /* GoogleService-Info.plist in Resources */ = {isa = PBXBuildFile; fileRef = 5AD42ABA2A68DF7E00D51C6F /* GoogleService-Info.plist */; };
		5AD42ABF2A6929BB00D51C6F /* Constains.swift in Sources */ = {isa = PBXBuildFile; fileRef = 5AD42ABE2A6929BB00D51C6F /* Constains.swift */; };
		5AD42AC22A6930BE00D51C6F /* UIColor+EX.swift in Sources */ = {isa = PBXBuildFile; fileRef = 5AD42AC12A6930BE00D51C6F /* UIColor+EX.swift */; };
		5AD42AC42A69310800D51C6F /* UIImage+EX.swift in Sources */ = {isa = PBXBuildFile; fileRef = 5AD42AC32A69310800D51C6F /* UIImage+EX.swift */; };
		5AD42AC62A69312E00D51C6F /* Objc+AssociatedValue.swift in Sources */ = {isa = PBXBuildFile; fileRef = 5AD42AC52A69312E00D51C6F /* Objc+AssociatedValue.swift */; };
		5AD42AC82A69314A00D51C6F /* Observable.swift in Sources */ = {isa = PBXBuildFile; fileRef = 5AD42AC72A69314A00D51C6F /* Observable.swift */; };
		5AD42ACA2A69316900D51C6F /* ScaleImage.swift in Sources */ = {isa = PBXBuildFile; fileRef = 5AD42AC92A69316900D51C6F /* ScaleImage.swift */; };
		5AD42ACC2A693F6500D51C6F /* CustomSlider.swift in Sources */ = {isa = PBXBuildFile; fileRef = 5AD42ACB2A693F6500D51C6F /* CustomSlider.swift */; };
		5AD42ACE2A69416700D51C6F /* LoginViewController.swift in Sources */ = {isa = PBXBuildFile; fileRef = 5AD42ACD2A69416700D51C6F /* LoginViewController.swift */; };
		5AD42AF32A69565D00D51C6F /* SanFranciscoText-BoldItalicG2.otf in Resources */ = {isa = PBXBuildFile; fileRef = 5AD42AD02A69564D00D51C6F /* SanFranciscoText-BoldItalicG2.otf */; };
		5AD42AF42A69565D00D51C6F /* SanFranciscoText-ItalicG1.otf in Resources */ = {isa = PBXBuildFile; fileRef = 5AD42AD12A69564E00D51C6F /* SanFranciscoText-ItalicG1.otf */; };
		5AD42AF52A69565D00D51C6F /* SanFranciscoDisplay-Black.otf in Resources */ = {isa = PBXBuildFile; fileRef = 5AD42AD22A69564E00D51C6F /* SanFranciscoDisplay-Black.otf */; };
		5AD42AF62A69565D00D51C6F /* SanFranciscoText-ItalicG3.otf in Resources */ = {isa = PBXBuildFile; fileRef = 5AD42AD32A69564F00D51C6F /* SanFranciscoText-ItalicG3.otf */; };
		5AD42AF72A69565D00D51C6F /* SanFranciscoText-LightItalic.otf in Resources */ = {isa = PBXBuildFile; fileRef = 5AD42AD42A69564F00D51C6F /* SanFranciscoText-LightItalic.otf */; };
		5AD42AF82A69565D00D51C6F /* SanFranciscoText-Medium.otf in Resources */ = {isa = PBXBuildFile; fileRef = 5AD42AD52A69565000D51C6F /* SanFranciscoText-Medium.otf */; };
		5AD42AF92A69565D00D51C6F /* SanFranciscoDisplay-Bold.otf in Resources */ = {isa = PBXBuildFile; fileRef = 5AD42AD62A69565000D51C6F /* SanFranciscoDisplay-Bold.otf */; };
		5AD42AFA2A69565D00D51C6F /* SanFranciscoText-BoldG3.otf in Resources */ = {isa = PBXBuildFile; fileRef = 5AD42AD72A69565000D51C6F /* SanFranciscoText-BoldG3.otf */; };
		5AD42AFB2A69565D00D51C6F /* SanFranciscoText-RegularG1.otf in Resources */ = {isa = PBXBuildFile; fileRef = 5AD42AD82A69565100D51C6F /* SanFranciscoText-RegularG1.otf */; };
		5AD42AFC2A69565D00D51C6F /* SanFranciscoText-MediumItalic.otf in Resources */ = {isa = PBXBuildFile; fileRef = 5AD42AD92A69565100D51C6F /* SanFranciscoText-MediumItalic.otf */; };
		5AD42AFD2A69565D00D51C6F /* SanFranciscoText-BoldItalicG1.otf in Resources */ = {isa = PBXBuildFile; fileRef = 5AD42ADA2A69565200D51C6F /* SanFranciscoText-BoldItalicG1.otf */; };
		5AD42AFE2A69565D00D51C6F /* SanFranciscoText-RegularG3.otf in Resources */ = {isa = PBXBuildFile; fileRef = 5AD42ADB2A69565200D51C6F /* SanFranciscoText-RegularG3.otf */; };
		5AD42AFF2A69565D00D51C6F /* SanFranciscoText-Semibold.otf in Resources */ = {isa = PBXBuildFile; fileRef = 5AD42ADC2A69565300D51C6F /* SanFranciscoText-Semibold.otf */; };
		5AD42B002A69565D00D51C6F /* SanFranciscoText-Thin.otf in Resources */ = {isa = PBXBuildFile; fileRef = 5AD42ADD2A69565300D51C6F /* SanFranciscoText-Thin.otf */; };
		5AD42B012A69565D00D51C6F /* SanFranciscoText-ItalicG2.otf in Resources */ = {isa = PBXBuildFile; fileRef = 5AD42ADE2A69565400D51C6F /* SanFranciscoText-ItalicG2.otf */; };
		5AD42B022A69565D00D51C6F /* SanFranciscoText-ThinItalic.otf in Resources */ = {isa = PBXBuildFile; fileRef = 5AD42ADF2A69565400D51C6F /* SanFranciscoText-ThinItalic.otf */; };
		5AD42B032A69565D00D51C6F /* SanFranciscoText-BoldG1.otf in Resources */ = {isa = PBXBuildFile; fileRef = 5AD42AE02A69565500D51C6F /* SanFranciscoText-BoldG1.otf */; };
		5AD42B042A69565D00D51C6F /* SanFranciscoDisplay-Regular.otf in Resources */ = {isa = PBXBuildFile; fileRef = 5AD42AE12A69565500D51C6F /* SanFranciscoDisplay-Regular.otf */; };
		5AD42B052A69565D00D51C6F /* SanFranciscoDisplay-Semibold.otf in Resources */ = {isa = PBXBuildFile; fileRef = 5AD42AE22A69565600D51C6F /* SanFranciscoDisplay-Semibold.otf */; };
		5AD42B062A69565D00D51C6F /* SanFranciscoDisplay-Heavy.otf in Resources */ = {isa = PBXBuildFile; fileRef = 5AD42AE32A69565600D51C6F /* SanFranciscoDisplay-Heavy.otf */; };
		5AD42B072A69565D00D51C6F /* SanFranciscoText-RegularG2.otf in Resources */ = {isa = PBXBuildFile; fileRef = 5AD42AE42A69565600D51C6F /* SanFranciscoText-RegularG2.otf */; };
		5AD42B082A69565D00D51C6F /* SanFranciscoText-Italic.otf in Resources */ = {isa = PBXBuildFile; fileRef = 5AD42AE52A69565700D51C6F /* SanFranciscoText-Italic.otf */; };
		5AD42B092A69565D00D51C6F /* SanFranciscoText-Bold.otf in Resources */ = {isa = PBXBuildFile; fileRef = 5AD42AE62A69565700D51C6F /* SanFranciscoText-Bold.otf */; };
		5AD42B0A2A69565D00D51C6F /* SanFranciscoText-BoldItalicG3.otf in Resources */ = {isa = PBXBuildFile; fileRef = 5AD42AE72A69565800D51C6F /* SanFranciscoText-BoldItalicG3.otf */; };
		5AD42B0B2A69565D00D51C6F /* SanFranciscoDisplay-Thin.otf in Resources */ = {isa = PBXBuildFile; fileRef = 5AD42AE82A69565800D51C6F /* SanFranciscoDisplay-Thin.otf */; };
		5AD42B0C2A69565D00D51C6F /* SanFranciscoText-BoldItalic.otf in Resources */ = {isa = PBXBuildFile; fileRef = 5AD42AE92A69565900D51C6F /* SanFranciscoText-BoldItalic.otf */; };
		5AD42B0D2A69565D00D51C6F /* SanFranciscoText-Light.otf in Resources */ = {isa = PBXBuildFile; fileRef = 5AD42AEA2A69565900D51C6F /* SanFranciscoText-Light.otf */; };
		5AD42B0E2A69565D00D51C6F /* SanFranciscoDisplay-Ultralight.otf in Resources */ = {isa = PBXBuildFile; fileRef = 5AD42AEB2A69565A00D51C6F /* SanFranciscoDisplay-Ultralight.otf */; };
		5AD42B0F2A69565D00D51C6F /* SanFranciscoText-BoldG2.otf in Resources */ = {isa = PBXBuildFile; fileRef = 5AD42AEC2A69565A00D51C6F /* SanFranciscoText-BoldG2.otf */; };
		5AD42B102A69565D00D51C6F /* SanFranciscoText-Heavy.otf in Resources */ = {isa = PBXBuildFile; fileRef = 5AD42AED2A69565B00D51C6F /* SanFranciscoText-Heavy.otf */; };
		5AD42B112A69565D00D51C6F /* SanFranciscoText-Regular.otf in Resources */ = {isa = PBXBuildFile; fileRef = 5AD42AEE2A69565B00D51C6F /* SanFranciscoText-Regular.otf */; };
		5AD42B122A69565D00D51C6F /* SanFranciscoText-SemiboldItalic.otf in Resources */ = {isa = PBXBuildFile; fileRef = 5AD42AEF2A69565B00D51C6F /* SanFranciscoText-SemiboldItalic.otf */; };
		5AD42B132A69565D00D51C6F /* SanFranciscoDisplay-Medium.otf in Resources */ = {isa = PBXBuildFile; fileRef = 5AD42AF02A69565C00D51C6F /* SanFranciscoDisplay-Medium.otf */; };
		5AD42B142A69565D00D51C6F /* SanFranciscoText-HeavyItalic.otf in Resources */ = {isa = PBXBuildFile; fileRef = 5AD42AF12A69565C00D51C6F /* SanFranciscoText-HeavyItalic.otf */; };
		5AD42B152A69565D00D51C6F /* SanFranciscoDisplay-Light.otf in Resources */ = {isa = PBXBuildFile; fileRef = 5AD42AF22A69565D00D51C6F /* SanFranciscoDisplay-Light.otf */; };
		5AD42B172A69700100D51C6F /* UITextViewEX+UILableEX.swift in Sources */ = {isa = PBXBuildFile; fileRef = 5AD42B162A69700100D51C6F /* UITextViewEX+UILableEX.swift */; };
		5AD42B1B2A69859B00D51C6F /* OnboardViewController.swift in Sources */ = {isa = PBXBuildFile; fileRef = 5AD42B1A2A69859B00D51C6F /* OnboardViewController.swift */; };
		5AD42B1E2A6989D300D51C6F /* Onboard1.swift in Sources */ = {isa = PBXBuildFile; fileRef = 5AD42B1D2A6989D300D51C6F /* Onboard1.swift */; };
		5AD42B202A6989E700D51C6F /* Onboard2.swift in Sources */ = {isa = PBXBuildFile; fileRef = 5AD42B1F2A6989E700D51C6F /* Onboard2.swift */; };
		5AD42B222A6989F700D51C6F /* Onboard3.swift in Sources */ = {isa = PBXBuildFile; fileRef = 5AD42B212A6989F700D51C6F /* Onboard3.swift */; };
		5AD42B242A698A0200D51C6F /* Onboard4.swift in Sources */ = {isa = PBXBuildFile; fileRef = 5AD42B232A698A0200D51C6F /* Onboard4.swift */; };
		5AD42B262A698A0D00D51C6F /* Onboard5.swift in Sources */ = {isa = PBXBuildFile; fileRef = 5AD42B252A698A0D00D51C6F /* Onboard5.swift */; };
		5AD42B282A6A1A6600D51C6F /* UIView+EX.swift in Sources */ = {isa = PBXBuildFile; fileRef = 5AD42B272A6A1A6600D51C6F /* UIView+EX.swift */; };
		5AD42B4A2A6A605900D51C6F /* WelcomeViewController.swift in Sources */ = {isa = PBXBuildFile; fileRef = 5AD42B492A6A605900D51C6F /* WelcomeViewController.swift */; };
		FEE61DE3E017DA07EA8CE625 /* Pods_OutDoor.framework in Frameworks */ = {isa = PBXBuildFile; fileRef = E7388F7878D4CA9A1804A33B /* Pods_OutDoor.framework */; };
/* End PBXBuildFile section */

/* Begin PBXFileReference section */
		3E3EA8A07981477575C9210C /* Pods-OutDoor.debug.xcconfig */ = {isa = PBXFileReference; includeInIndex = 1; lastKnownFileType = text.xcconfig; name = "Pods-OutDoor.debug.xcconfig"; path = "Target Support Files/Pods-OutDoor/Pods-OutDoor.debug.xcconfig"; sourceTree = "<group>"; };
		5A10A2432A6CBF060081160D /* DatabaseManager.swift */ = {isa = PBXFileReference; lastKnownFileType = sourcecode.swift; path = DatabaseManager.swift; sourceTree = "<group>"; };
		5A10A2462A6CFB9D0081160D /* OudoorUser.swift */ = {isa = PBXFileReference; lastKnownFileType = sourcecode.swift; path = OudoorUser.swift; sourceTree = "<group>"; };
		5A10A2482A6D400C0081160D /* UIButtonEX.swift */ = {isa = PBXFileReference; lastKnownFileType = sourcecode.swift; path = UIButtonEX.swift; sourceTree = "<group>"; };
		5A4526692A6F564F001E2028 /* TabBarViewController.swift */ = {isa = PBXFileReference; lastKnownFileType = sourcecode.swift; path = TabBarViewController.swift; sourceTree = "<group>"; };
		5A45266F2A6F5C3F001E2028 /* HomeContainerViewController.swift */ = {isa = PBXFileReference; lastKnownFileType = sourcecode.swift; path = HomeContainerViewController.swift; sourceTree = "<group>"; };
		5A4526712A6F5CA3001E2028 /* SpotlightViewController.swift */ = {isa = PBXFileReference; lastKnownFileType = sourcecode.swift; path = SpotlightViewController.swift; sourceTree = "<group>"; };
		5A4526732A6F5CBF001E2028 /* BreakingNewsViewController.swift */ = {isa = PBXFileReference; lastKnownFileType = sourcecode.swift; path = BreakingNewsViewController.swift; sourceTree = "<group>"; };
		5A4526752A6F5CE3001E2028 /* FollowingViewController.swift */ = {isa = PBXFileReference; lastKnownFileType = sourcecode.swift; path = FollowingViewController.swift; sourceTree = "<group>"; };
		5A4526772A6F5D8C001E2028 /* HomeViewController.swift */ = {isa = PBXFileReference; lastKnownFileType = sourcecode.swift; path = HomeViewController.swift; sourceTree = "<group>"; };
		5A45267A2A6FDAE9001E2028 /* SearchViewController.swift */ = {isa = PBXFileReference; lastKnownFileType = sourcecode.swift; path = SearchViewController.swift; sourceTree = "<group>"; };
		5A45267C2A6FDAF8001E2028 /* NotificViewController.swift */ = {isa = PBXFileReference; lastKnownFileType = sourcecode.swift; path = NotificViewController.swift; sourceTree = "<group>"; };
		5A45267E2A6FDB09001E2028 /* UserInfoViewController.swift */ = {isa = PBXFileReference; lastKnownFileType = sourcecode.swift; path = UserInfoViewController.swift; sourceTree = "<group>"; };
		5A4526E02A70FECE001E2028 /* StorageManager.swift */ = {isa = PBXFileReference; lastKnownFileType = sourcecode.swift; path = StorageManager.swift; sourceTree = "<group>"; };
		5AAB15712A7D3A55007FD20A /* scroll+ EX.swift */ = {isa = PBXFileReference; lastKnownFileType = sourcecode.swift; path = "scroll+ EX.swift"; sourceTree = "<group>"; };
		5AAB15732A7D5F14007FD20A /* UIViewControllerEX.swift */ = {isa = PBXFileReference; lastKnownFileType = sourcecode.swift; path = UIViewControllerEX.swift; sourceTree = "<group>"; };
		5AAE1FF42A72A970000EA78D /* SettingViewController.swift */ = {isa = PBXFileReference; lastKnownFileType = sourcecode.swift; path = SettingViewController.swift; sourceTree = "<group>"; };
		5AAE1FF62A72B529000EA78D /* Setting.swift */ = {isa = PBXFileReference; fileEncoding = 4; lastKnownFileType = sourcecode.swift; path = Setting.swift; sourceTree = "<group>"; };
		5AAE1FF82A72B8A1000EA78D /* SettingCell.xib */ = {isa = PBXFileReference; fileEncoding = 4; lastKnownFileType = file.xib; path = SettingCell.xib; sourceTree = "<group>"; };
		5AAE1FF92A72B8A1000EA78D /* SettingCell.swift */ = {isa = PBXFileReference; fileEncoding = 4; lastKnownFileType = sourcecode.swift; path = SettingCell.swift; sourceTree = "<group>"; };
		5AAE1FFC2A72B98E000EA78D /* UIAlertEX.swift */ = {isa = PBXFileReference; fileEncoding = 4; lastKnownFileType = sourcecode.swift; path = UIAlertEX.swift; sourceTree = "<group>"; };
		5AAE1FFE2A72C973000EA78D /* ChangeUserDescriptionViewController.swift */ = {isa = PBXFileReference; fileEncoding = 4; lastKnownFileType = sourcecode.swift; path = ChangeUserDescriptionViewController.swift; sourceTree = "<group>"; };
		5AAE1FFF2A72C973000EA78D /* UpdateUserInfoViewController.swift */ = {isa = PBXFileReference; fileEncoding = 4; lastKnownFileType = sourcecode.swift; path = UpdateUserInfoViewController.swift; sourceTree = "<group>"; };
		5AAE20002A72C973000EA78D /* UserInfoDetailViewController.swift */ = {isa = PBXFileReference; fileEncoding = 4; lastKnownFileType = sourcecode.swift; name = UserInfoDetailViewController.swift; path = "../../../../../IOS/OutDoor01 2/OutDoor01/ViewControllers/UserInfoDetailViewController.swift"; sourceTree = "<group>"; };
		5AAE20042A72CAC2000EA78D /* UpDateUserInfoCell.swift */ = {isa = PBXFileReference; fileEncoding = 4; lastKnownFileType = sourcecode.swift; path = UpDateUserInfoCell.swift; sourceTree = "<group>"; };
		5AAE20052A72CAC2000EA78D /* UpDateUserInfoCell.xib */ = {isa = PBXFileReference; fileEncoding = 4; lastKnownFileType = file.xib; path = UpDateUserInfoCell.xib; sourceTree = "<group>"; };
		5AAE20062A72CAC3000EA78D /* EditUserInfoCell.xib */ = {isa = PBXFileReference; fileEncoding = 4; lastKnownFileType = file.xib; path = EditUserInfoCell.xib; sourceTree = "<group>"; };
		5AAE20072A72CAC3000EA78D /* EditUserInfoCell.swift */ = {isa = PBXFileReference; fileEncoding = 4; lastKnownFileType = sourcecode.swift; path = EditUserInfoCell.swift; sourceTree = "<group>"; };
		5AAE200C2A73A254000EA78D /* String+EX.swift */ = {isa = PBXFileReference; lastKnownFileType = sourcecode.swift; path = "String+EX.swift"; sourceTree = "<group>"; };
		5AAE20362A76D684000EA78D /* PreviewAvatarViewController.swift */ = {isa = PBXFileReference; lastKnownFileType = sourcecode.swift; path = PreviewAvatarViewController.swift; sourceTree = "<group>"; };
		5AAE203B2A77A1CA000EA78D /* en */ = {isa = PBXFileReference; lastKnownFileType = text.plist.strings; name = en; path = en.lproj/Localizable.strings; sourceTree = "<group>"; };
		5AAE203D2A77A24F000EA78D /* vi */ = {isa = PBXFileReference; lastKnownFileType = text.plist.strings; name = vi; path = vi.lproj/Main.strings; sourceTree = "<group>"; };
		5AAE203E2A77A250000EA78D /* vi */ = {isa = PBXFileReference; lastKnownFileType = text.plist.strings; name = vi; path = vi.lproj/LaunchScreen.strings; sourceTree = "<group>"; };
		5AAE203F2A77A250000EA78D /* vi */ = {isa = PBXFileReference; lastKnownFileType = text.plist.strings; name = vi; path = vi.lproj/Localizable.strings; sourceTree = "<group>"; };
		5AAE20452A79E8DD000EA78D /* PostViewController.swift */ = {isa = PBXFileReference; lastKnownFileType = sourcecode.swift; path = PostViewController.swift; sourceTree = "<group>"; };
		5AC082D02A84757400FF8B84 /* VideoLibraryCollectionViewCell.swift */ = {isa = PBXFileReference; lastKnownFileType = sourcecode.swift; path = VideoLibraryCollectionViewCell.swift; sourceTree = "<group>"; };
		5AC082D12A84757400FF8B84 /* VideoLibraryCollectionViewCell.xib */ = {isa = PBXFileReference; lastKnownFileType = file.xib; path = VideoLibraryCollectionViewCell.xib; sourceTree = "<group>"; };
		5AC082D62A853D9A00FF8B84 /* GaleryItemViewController.swift */ = {isa = PBXFileReference; lastKnownFileType = sourcecode.swift; path = GaleryItemViewController.swift; sourceTree = "<group>"; };
		5AC082D82A86BE2F00FF8B84 /* PhotoLibraryCollectionViewCell.swift */ = {isa = PBXFileReference; lastKnownFileType = sourcecode.swift; path = PhotoLibraryCollectionViewCell.swift; sourceTree = "<group>"; };
		5AC082D92A86BE2F00FF8B84 /* PhotoLibraryCollectionViewCell.xib */ = {isa = PBXFileReference; lastKnownFileType = file.xib; path = PhotoLibraryCollectionViewCell.xib; sourceTree = "<group>"; };
		5AD42AA32A68DE7400D51C6F /* OutDoor.app */ = {isa = PBXFileReference; explicitFileType = wrapper.application; includeInIndex = 0; path = OutDoor.app; sourceTree = BUILT_PRODUCTS_DIR; };
		5AD42AA62A68DE7400D51C6F /* AppDelegate.swift */ = {isa = PBXFileReference; lastKnownFileType = sourcecode.swift; path = AppDelegate.swift; sourceTree = "<group>"; };
		5AD42AA82A68DE7400D51C6F /* SceneDelegate.swift */ = {isa = PBXFileReference; lastKnownFileType = sourcecode.swift; path = SceneDelegate.swift; sourceTree = "<group>"; };
		5AD42AAA2A68DE7400D51C6F /* ViewController.swift */ = {isa = PBXFileReference; lastKnownFileType = sourcecode.swift; path = ViewController.swift; sourceTree = "<group>"; };
		5AD42AAD2A68DE7400D51C6F /* Base */ = {isa = PBXFileReference; lastKnownFileType = file.storyboard; name = Base; path = Base.lproj/Main.storyboard; sourceTree = "<group>"; };
		5AD42AAF2A68DE7600D51C6F /* Assets.xcassets */ = {isa = PBXFileReference; lastKnownFileType = folder.assetcatalog; path = Assets.xcassets; sourceTree = "<group>"; };
		5AD42AB22A68DE7600D51C6F /* Base */ = {isa = PBXFileReference; lastKnownFileType = file.storyboard; name = Base; path = Base.lproj/LaunchScreen.storyboard; sourceTree = "<group>"; };
		5AD42AB42A68DE7600D51C6F /* Info.plist */ = {isa = PBXFileReference; lastKnownFileType = text.plist.xml; path = Info.plist; sourceTree = "<group>"; };
		5AD42ABA2A68DF7E00D51C6F /* GoogleService-Info.plist */ = {isa = PBXFileReference; fileEncoding = 4; lastKnownFileType = text.plist.xml; path = "GoogleService-Info.plist"; sourceTree = "<group>"; };
		5AD42ABE2A6929BB00D51C6F /* Constains.swift */ = {isa = PBXFileReference; lastKnownFileType = sourcecode.swift; path = Constains.swift; sourceTree = "<group>"; };
		5AD42AC12A6930BE00D51C6F /* UIColor+EX.swift */ = {isa = PBXFileReference; lastKnownFileType = sourcecode.swift; path = "UIColor+EX.swift"; sourceTree = "<group>"; };
		5AD42AC32A69310800D51C6F /* UIImage+EX.swift */ = {isa = PBXFileReference; lastKnownFileType = sourcecode.swift; path = "UIImage+EX.swift"; sourceTree = "<group>"; };
		5AD42AC52A69312E00D51C6F /* Objc+AssociatedValue.swift */ = {isa = PBXFileReference; lastKnownFileType = sourcecode.swift; path = "Objc+AssociatedValue.swift"; sourceTree = "<group>"; };
		5AD42AC72A69314A00D51C6F /* Observable.swift */ = {isa = PBXFileReference; lastKnownFileType = sourcecode.swift; path = Observable.swift; sourceTree = "<group>"; };
		5AD42AC92A69316900D51C6F /* ScaleImage.swift */ = {isa = PBXFileReference; lastKnownFileType = sourcecode.swift; path = ScaleImage.swift; sourceTree = "<group>"; };
		5AD42ACB2A693F6500D51C6F /* CustomSlider.swift */ = {isa = PBXFileReference; lastKnownFileType = sourcecode.swift; path = CustomSlider.swift; sourceTree = "<group>"; };
		5AD42ACD2A69416700D51C6F /* LoginViewController.swift */ = {isa = PBXFileReference; lastKnownFileType = sourcecode.swift; path = LoginViewController.swift; sourceTree = "<group>"; };
		5AD42AD02A69564D00D51C6F /* SanFranciscoText-BoldItalicG2.otf */ = {isa = PBXFileReference; lastKnownFileType = file; path = "SanFranciscoText-BoldItalicG2.otf"; sourceTree = "<group>"; };
		5AD42AD12A69564E00D51C6F /* SanFranciscoText-ItalicG1.otf */ = {isa = PBXFileReference; lastKnownFileType = file; path = "SanFranciscoText-ItalicG1.otf"; sourceTree = "<group>"; };
		5AD42AD22A69564E00D51C6F /* SanFranciscoDisplay-Black.otf */ = {isa = PBXFileReference; lastKnownFileType = file; path = "SanFranciscoDisplay-Black.otf"; sourceTree = "<group>"; };
		5AD42AD32A69564F00D51C6F /* SanFranciscoText-ItalicG3.otf */ = {isa = PBXFileReference; lastKnownFileType = file; path = "SanFranciscoText-ItalicG3.otf"; sourceTree = "<group>"; };
		5AD42AD42A69564F00D51C6F /* SanFranciscoText-LightItalic.otf */ = {isa = PBXFileReference; lastKnownFileType = file; path = "SanFranciscoText-LightItalic.otf"; sourceTree = "<group>"; };
		5AD42AD52A69565000D51C6F /* SanFranciscoText-Medium.otf */ = {isa = PBXFileReference; lastKnownFileType = file; path = "SanFranciscoText-Medium.otf"; sourceTree = "<group>"; };
		5AD42AD62A69565000D51C6F /* SanFranciscoDisplay-Bold.otf */ = {isa = PBXFileReference; lastKnownFileType = file; path = "SanFranciscoDisplay-Bold.otf"; sourceTree = "<group>"; };
		5AD42AD72A69565000D51C6F /* SanFranciscoText-BoldG3.otf */ = {isa = PBXFileReference; lastKnownFileType = file; path = "SanFranciscoText-BoldG3.otf"; sourceTree = "<group>"; };
		5AD42AD82A69565100D51C6F /* SanFranciscoText-RegularG1.otf */ = {isa = PBXFileReference; lastKnownFileType = file; path = "SanFranciscoText-RegularG1.otf"; sourceTree = "<group>"; };
		5AD42AD92A69565100D51C6F /* SanFranciscoText-MediumItalic.otf */ = {isa = PBXFileReference; lastKnownFileType = file; path = "SanFranciscoText-MediumItalic.otf"; sourceTree = "<group>"; };
		5AD42ADA2A69565200D51C6F /* SanFranciscoText-BoldItalicG1.otf */ = {isa = PBXFileReference; lastKnownFileType = file; path = "SanFranciscoText-BoldItalicG1.otf"; sourceTree = "<group>"; };
		5AD42ADB2A69565200D51C6F /* SanFranciscoText-RegularG3.otf */ = {isa = PBXFileReference; lastKnownFileType = file; path = "SanFranciscoText-RegularG3.otf"; sourceTree = "<group>"; };
		5AD42ADC2A69565300D51C6F /* SanFranciscoText-Semibold.otf */ = {isa = PBXFileReference; lastKnownFileType = file; path = "SanFranciscoText-Semibold.otf"; sourceTree = "<group>"; };
		5AD42ADD2A69565300D51C6F /* SanFranciscoText-Thin.otf */ = {isa = PBXFileReference; lastKnownFileType = file; path = "SanFranciscoText-Thin.otf"; sourceTree = "<group>"; };
		5AD42ADE2A69565400D51C6F /* SanFranciscoText-ItalicG2.otf */ = {isa = PBXFileReference; lastKnownFileType = file; path = "SanFranciscoText-ItalicG2.otf"; sourceTree = "<group>"; };
		5AD42ADF2A69565400D51C6F /* SanFranciscoText-ThinItalic.otf */ = {isa = PBXFileReference; lastKnownFileType = file; path = "SanFranciscoText-ThinItalic.otf"; sourceTree = "<group>"; };
		5AD42AE02A69565500D51C6F /* SanFranciscoText-BoldG1.otf */ = {isa = PBXFileReference; lastKnownFileType = file; path = "SanFranciscoText-BoldG1.otf"; sourceTree = "<group>"; };
		5AD42AE12A69565500D51C6F /* SanFranciscoDisplay-Regular.otf */ = {isa = PBXFileReference; lastKnownFileType = file; path = "SanFranciscoDisplay-Regular.otf"; sourceTree = "<group>"; };
		5AD42AE22A69565600D51C6F /* SanFranciscoDisplay-Semibold.otf */ = {isa = PBXFileReference; lastKnownFileType = file; path = "SanFranciscoDisplay-Semibold.otf"; sourceTree = "<group>"; };
		5AD42AE32A69565600D51C6F /* SanFranciscoDisplay-Heavy.otf */ = {isa = PBXFileReference; lastKnownFileType = file; path = "SanFranciscoDisplay-Heavy.otf"; sourceTree = "<group>"; };
		5AD42AE42A69565600D51C6F /* SanFranciscoText-RegularG2.otf */ = {isa = PBXFileReference; lastKnownFileType = file; path = "SanFranciscoText-RegularG2.otf"; sourceTree = "<group>"; };
		5AD42AE52A69565700D51C6F /* SanFranciscoText-Italic.otf */ = {isa = PBXFileReference; lastKnownFileType = file; path = "SanFranciscoText-Italic.otf"; sourceTree = "<group>"; };
		5AD42AE62A69565700D51C6F /* SanFranciscoText-Bold.otf */ = {isa = PBXFileReference; lastKnownFileType = file; path = "SanFranciscoText-Bold.otf"; sourceTree = "<group>"; };
		5AD42AE72A69565800D51C6F /* SanFranciscoText-BoldItalicG3.otf */ = {isa = PBXFileReference; lastKnownFileType = file; path = "SanFranciscoText-BoldItalicG3.otf"; sourceTree = "<group>"; };
		5AD42AE82A69565800D51C6F /* SanFranciscoDisplay-Thin.otf */ = {isa = PBXFileReference; lastKnownFileType = file; path = "SanFranciscoDisplay-Thin.otf"; sourceTree = "<group>"; };
		5AD42AE92A69565900D51C6F /* SanFranciscoText-BoldItalic.otf */ = {isa = PBXFileReference; lastKnownFileType = file; path = "SanFranciscoText-BoldItalic.otf"; sourceTree = "<group>"; };
		5AD42AEA2A69565900D51C6F /* SanFranciscoText-Light.otf */ = {isa = PBXFileReference; lastKnownFileType = file; path = "SanFranciscoText-Light.otf"; sourceTree = "<group>"; };
		5AD42AEB2A69565A00D51C6F /* SanFranciscoDisplay-Ultralight.otf */ = {isa = PBXFileReference; lastKnownFileType = file; path = "SanFranciscoDisplay-Ultralight.otf"; sourceTree = "<group>"; };
		5AD42AEC2A69565A00D51C6F /* SanFranciscoText-BoldG2.otf */ = {isa = PBXFileReference; lastKnownFileType = file; path = "SanFranciscoText-BoldG2.otf"; sourceTree = "<group>"; };
		5AD42AED2A69565B00D51C6F /* SanFranciscoText-Heavy.otf */ = {isa = PBXFileReference; lastKnownFileType = file; path = "SanFranciscoText-Heavy.otf"; sourceTree = "<group>"; };
		5AD42AEE2A69565B00D51C6F /* SanFranciscoText-Regular.otf */ = {isa = PBXFileReference; lastKnownFileType = file; path = "SanFranciscoText-Regular.otf"; sourceTree = "<group>"; };
		5AD42AEF2A69565B00D51C6F /* SanFranciscoText-SemiboldItalic.otf */ = {isa = PBXFileReference; lastKnownFileType = file; path = "SanFranciscoText-SemiboldItalic.otf"; sourceTree = "<group>"; };
		5AD42AF02A69565C00D51C6F /* SanFranciscoDisplay-Medium.otf */ = {isa = PBXFileReference; lastKnownFileType = file; path = "SanFranciscoDisplay-Medium.otf"; sourceTree = "<group>"; };
		5AD42AF12A69565C00D51C6F /* SanFranciscoText-HeavyItalic.otf */ = {isa = PBXFileReference; lastKnownFileType = file; path = "SanFranciscoText-HeavyItalic.otf"; sourceTree = "<group>"; };
		5AD42AF22A69565D00D51C6F /* SanFranciscoDisplay-Light.otf */ = {isa = PBXFileReference; lastKnownFileType = file; path = "SanFranciscoDisplay-Light.otf"; sourceTree = "<group>"; };
		5AD42B162A69700100D51C6F /* UITextViewEX+UILableEX.swift */ = {isa = PBXFileReference; lastKnownFileType = sourcecode.swift; path = "UITextViewEX+UILableEX.swift"; sourceTree = "<group>"; };
		5AD42B1A2A69859B00D51C6F /* OnboardViewController.swift */ = {isa = PBXFileReference; lastKnownFileType = sourcecode.swift; path = OnboardViewController.swift; sourceTree = "<group>"; };
		5AD42B1D2A6989D300D51C6F /* Onboard1.swift */ = {isa = PBXFileReference; lastKnownFileType = sourcecode.swift; path = Onboard1.swift; sourceTree = "<group>"; };
		5AD42B1F2A6989E700D51C6F /* Onboard2.swift */ = {isa = PBXFileReference; lastKnownFileType = sourcecode.swift; path = Onboard2.swift; sourceTree = "<group>"; };
		5AD42B212A6989F700D51C6F /* Onboard3.swift */ = {isa = PBXFileReference; lastKnownFileType = sourcecode.swift; path = Onboard3.swift; sourceTree = "<group>"; };
		5AD42B232A698A0200D51C6F /* Onboard4.swift */ = {isa = PBXFileReference; lastKnownFileType = sourcecode.swift; path = Onboard4.swift; sourceTree = "<group>"; };
		5AD42B252A698A0D00D51C6F /* Onboard5.swift */ = {isa = PBXFileReference; lastKnownFileType = sourcecode.swift; path = Onboard5.swift; sourceTree = "<group>"; };
		5AD42B272A6A1A6600D51C6F /* UIView+EX.swift */ = {isa = PBXFileReference; lastKnownFileType = sourcecode.swift; path = "UIView+EX.swift"; sourceTree = "<group>"; };
		5AD42B492A6A605900D51C6F /* WelcomeViewController.swift */ = {isa = PBXFileReference; lastKnownFileType = sourcecode.swift; path = WelcomeViewController.swift; sourceTree = "<group>"; };
		B6D1910465F3EBB171A8CCA3 /* Pods-OutDoor.release.xcconfig */ = {isa = PBXFileReference; includeInIndex = 1; lastKnownFileType = text.xcconfig; name = "Pods-OutDoor.release.xcconfig"; path = "Target Support Files/Pods-OutDoor/Pods-OutDoor.release.xcconfig"; sourceTree = "<group>"; };
		E7388F7878D4CA9A1804A33B /* Pods_OutDoor.framework */ = {isa = PBXFileReference; explicitFileType = wrapper.framework; includeInIndex = 0; path = Pods_OutDoor.framework; sourceTree = BUILT_PRODUCTS_DIR; };
/* End PBXFileReference section */

/* Begin PBXFrameworksBuildPhase section */
		5AD42AA02A68DE7400D51C6F /* Frameworks */ = {
			isa = PBXFrameworksBuildPhase;
			buildActionMask = 2147483647;
			files = (
				FEE61DE3E017DA07EA8CE625 /* Pods_OutDoor.framework in Frameworks */,
			);
			runOnlyForDeploymentPostprocessing = 0;
		};
/* End PBXFrameworksBuildPhase section */

/* Begin PBXGroup section */
		4B758A8A0DEDF081D7CF5A03 /* Frameworks */ = {
			isa = PBXGroup;
			children = (
				E7388F7878D4CA9A1804A33B /* Pods_OutDoor.framework */,
			);
			name = Frameworks;
			sourceTree = "<group>";
		};
		5A10A2452A6CFB340081160D /* Model */ = {
			isa = PBXGroup;
			children = (
				5A10A2462A6CFB9D0081160D /* OudoorUser.swift */,
				5AAE1FF62A72B529000EA78D /* Setting.swift */,
			);
			path = Model;
			sourceTree = "<group>";
		};
		5A45266B2A6F5A41001E2028 /* Homes */ = {
			isa = PBXGroup;
			children = (
				5A4526772A6F5D8C001E2028 /* HomeViewController.swift */,
				5A45266F2A6F5C3F001E2028 /* HomeContainerViewController.swift */,
				5A4526712A6F5CA3001E2028 /* SpotlightViewController.swift */,
				5A4526732A6F5CBF001E2028 /* BreakingNewsViewController.swift */,
				5A4526752A6F5CE3001E2028 /* FollowingViewController.swift */,
			);
			path = Homes;
			sourceTree = "<group>";
		};
		5A45266C2A6F5A54001E2028 /* Search */ = {
			isa = PBXGroup;
			children = (
				5A45267A2A6FDAE9001E2028 /* SearchViewController.swift */,
			);
			path = Search;
			sourceTree = "<group>";
		};
		5A45266D2A6F5A64001E2028 /* Notifics */ = {
			isa = PBXGroup;
			children = (
				5A45267C2A6FDAF8001E2028 /* NotificViewController.swift */,
			);
			path = Notifics;
			sourceTree = "<group>";
		};
		5A45266E2A6F5A6F001E2028 /* UserInfo */ = {
			isa = PBXGroup;
			children = (
				5A45267E2A6FDB09001E2028 /* UserInfoViewController.swift */,
				5AAE1FF42A72A970000EA78D /* SettingViewController.swift */,
				5AAE20002A72C973000EA78D /* UserInfoDetailViewController.swift */,
				5AAE1FFF2A72C973000EA78D /* UpdateUserInfoViewController.swift */,
				5AAE1FFE2A72C973000EA78D /* ChangeUserDescriptionViewController.swift */,
				5AAE20362A76D684000EA78D /* PreviewAvatarViewController.swift */,
			);
			path = UserInfo;
			sourceTree = "<group>";
		};
		5A4526792A6F5F54001E2028 /* Cells */ = {
			isa = PBXGroup;
			children = (
				5AAE1FF92A72B8A1000EA78D /* SettingCell.swift */,
				5AAE1FF82A72B8A1000EA78D /* SettingCell.xib */,
				5AAE20072A72CAC3000EA78D /* EditUserInfoCell.swift */,
				5AAE20062A72CAC3000EA78D /* EditUserInfoCell.xib */,
				5AAE20042A72CAC2000EA78D /* UpDateUserInfoCell.swift */,
				5AAE20052A72CAC2000EA78D /* UpDateUserInfoCell.xib */,
				5AC082D82A86BE2F00FF8B84 /* PhotoLibraryCollectionViewCell.swift */,
				5AC082D92A86BE2F00FF8B84 /* PhotoLibraryCollectionViewCell.xib */,
				5AC082D02A84757400FF8B84 /* VideoLibraryCollectionViewCell.swift */,
				5AC082D12A84757400FF8B84 /* VideoLibraryCollectionViewCell.xib */,
			);
			path = Cells;
			sourceTree = "<group>";
		};
		5AAE20442A79E868000EA78D /* Posts */ = {
			isa = PBXGroup;
			children = (
				5AAE20452A79E8DD000EA78D /* PostViewController.swift */,
				5AC082D62A853D9A00FF8B84 /* GaleryItemViewController.swift */,
			);
			path = Posts;
			sourceTree = "<group>";
		};
		5AD42A9A2A68DE7400D51C6F = {
			isa = PBXGroup;
			children = (
				5AD42ABE2A6929BB00D51C6F /* Constains.swift */,
				5AD42AAF2A68DE7600D51C6F /* Assets.xcassets */,
				5AD42AAC2A68DE7400D51C6F /* Main.storyboard */,
				5AD42AA52A68DE7400D51C6F /* OutDoor */,
				5AD42AA42A68DE7400D51C6F /* Products */,
				FDA203BAD204800112EB8E67 /* Pods */,
				4B758A8A0DEDF081D7CF5A03 /* Frameworks */,
			);
			sourceTree = "<group>";
		};
		5AD42AA42A68DE7400D51C6F /* Products */ = {
			isa = PBXGroup;
			children = (
				5AD42AA32A68DE7400D51C6F /* OutDoor.app */,
			);
			name = Products;
			sourceTree = "<group>";
		};
		5AD42AA52A68DE7400D51C6F /* OutDoor */ = {
			isa = PBXGroup;
			children = (
				5AD42ABC2A6926D300D51C6F /* System */,
				5AD42ABD2A6926E300D51C6F /* ViewControllers */,
				5A4526792A6F5F54001E2028 /* Cells */,
				5A10A2452A6CFB340081160D /* Model */,
				5AD42B4B2A6A711B00D51C6F /* Database */,
				5AD42AC02A69309D00D51C6F /* Utilties */,
				5AD42AB12A68DE7600D51C6F /* LaunchScreen.storyboard */,
				5AD42AB42A68DE7600D51C6F /* Info.plist */,
				5AD42ABA2A68DF7E00D51C6F /* GoogleService-Info.plist */,
				5AD42ACF2A6955E300D51C6F /* Fonts */,
				5AAE203C2A77A1CA000EA78D /* Localizable.strings */,
			);
			path = OutDoor;
			sourceTree = "<group>";
		};
		5AD42ABC2A6926D300D51C6F /* System */ = {
			isa = PBXGroup;
			children = (
				5AD42AA62A68DE7400D51C6F /* AppDelegate.swift */,
				5AD42AA82A68DE7400D51C6F /* SceneDelegate.swift */,
			);
			path = System;
			sourceTree = "<group>";
		};
		5AD42ABD2A6926E300D51C6F /* ViewControllers */ = {
			isa = PBXGroup;
			children = (
				5AD42AAA2A68DE7400D51C6F /* ViewController.swift */,
				5AD42B492A6A605900D51C6F /* WelcomeViewController.swift */,
				5AD42B1A2A69859B00D51C6F /* OnboardViewController.swift */,
				5AD42ACD2A69416700D51C6F /* LoginViewController.swift */,
				5A4526692A6F564F001E2028 /* TabBarViewController.swift */,
				5AAE20442A79E868000EA78D /* Posts */,
				5AD42B1C2A6989B000D51C6F /* Onboards */,
				5A45266B2A6F5A41001E2028 /* Homes */,
				5A45266C2A6F5A54001E2028 /* Search */,
				5A45266D2A6F5A64001E2028 /* Notifics */,
				5A45266E2A6F5A6F001E2028 /* UserInfo */,
			);
			path = ViewControllers;
			sourceTree = "<group>";
		};
		5AD42AC02A69309D00D51C6F /* Utilties */ = {
			isa = PBXGroup;
			children = (
				5AD42AC12A6930BE00D51C6F /* UIColor+EX.swift */,
				5AD42AC32A69310800D51C6F /* UIImage+EX.swift */,
				5AD42AC52A69312E00D51C6F /* Objc+AssociatedValue.swift */,
				5AD42AC72A69314A00D51C6F /* Observable.swift */,
				5AD42AC92A69316900D51C6F /* ScaleImage.swift */,
				5AD42ACB2A693F6500D51C6F /* CustomSlider.swift */,
				5AD42B162A69700100D51C6F /* UITextViewEX+UILableEX.swift */,
				5AD42B272A6A1A6600D51C6F /* UIView+EX.swift */,
				5A10A2482A6D400C0081160D /* UIButtonEX.swift */,
				5AAE1FFC2A72B98E000EA78D /* UIAlertEX.swift */,
				5AAE200C2A73A254000EA78D /* String+EX.swift */,
				5AAB15712A7D3A55007FD20A /* scroll+ EX.swift */,
				5AAB15732A7D5F14007FD20A /* UIViewControllerEX.swift */,
			);
			path = Utilties;
			sourceTree = "<group>";
		};
		5AD42ACF2A6955E300D51C6F /* Fonts */ = {
			isa = PBXGroup;
			children = (
				5AD42AD22A69564E00D51C6F /* SanFranciscoDisplay-Black.otf */,
				5AD42AD62A69565000D51C6F /* SanFranciscoDisplay-Bold.otf */,
				5AD42AE32A69565600D51C6F /* SanFranciscoDisplay-Heavy.otf */,
				5AD42AF22A69565D00D51C6F /* SanFranciscoDisplay-Light.otf */,
				5AD42AF02A69565C00D51C6F /* SanFranciscoDisplay-Medium.otf */,
				5AD42AE12A69565500D51C6F /* SanFranciscoDisplay-Regular.otf */,
				5AD42AE22A69565600D51C6F /* SanFranciscoDisplay-Semibold.otf */,
				5AD42AE82A69565800D51C6F /* SanFranciscoDisplay-Thin.otf */,
				5AD42AEB2A69565A00D51C6F /* SanFranciscoDisplay-Ultralight.otf */,
				5AD42AE62A69565700D51C6F /* SanFranciscoText-Bold.otf */,
				5AD42AE02A69565500D51C6F /* SanFranciscoText-BoldG1.otf */,
				5AD42AEC2A69565A00D51C6F /* SanFranciscoText-BoldG2.otf */,
				5AD42AD72A69565000D51C6F /* SanFranciscoText-BoldG3.otf */,
				5AD42AE92A69565900D51C6F /* SanFranciscoText-BoldItalic.otf */,
				5AD42ADA2A69565200D51C6F /* SanFranciscoText-BoldItalicG1.otf */,
				5AD42AD02A69564D00D51C6F /* SanFranciscoText-BoldItalicG2.otf */,
				5AD42AE72A69565800D51C6F /* SanFranciscoText-BoldItalicG3.otf */,
				5AD42AED2A69565B00D51C6F /* SanFranciscoText-Heavy.otf */,
				5AD42AF12A69565C00D51C6F /* SanFranciscoText-HeavyItalic.otf */,
				5AD42AE52A69565700D51C6F /* SanFranciscoText-Italic.otf */,
				5AD42AD12A69564E00D51C6F /* SanFranciscoText-ItalicG1.otf */,
				5AD42ADE2A69565400D51C6F /* SanFranciscoText-ItalicG2.otf */,
				5AD42AD32A69564F00D51C6F /* SanFranciscoText-ItalicG3.otf */,
				5AD42AEA2A69565900D51C6F /* SanFranciscoText-Light.otf */,
				5AD42AD42A69564F00D51C6F /* SanFranciscoText-LightItalic.otf */,
				5AD42AD52A69565000D51C6F /* SanFranciscoText-Medium.otf */,
				5AD42AD92A69565100D51C6F /* SanFranciscoText-MediumItalic.otf */,
				5AD42AEE2A69565B00D51C6F /* SanFranciscoText-Regular.otf */,
				5AD42AD82A69565100D51C6F /* SanFranciscoText-RegularG1.otf */,
				5AD42AE42A69565600D51C6F /* SanFranciscoText-RegularG2.otf */,
				5AD42ADB2A69565200D51C6F /* SanFranciscoText-RegularG3.otf */,
				5AD42ADC2A69565300D51C6F /* SanFranciscoText-Semibold.otf */,
				5AD42AEF2A69565B00D51C6F /* SanFranciscoText-SemiboldItalic.otf */,
				5AD42ADD2A69565300D51C6F /* SanFranciscoText-Thin.otf */,
				5AD42ADF2A69565400D51C6F /* SanFranciscoText-ThinItalic.otf */,
			);
			path = Fonts;
			sourceTree = "<group>";
		};
		5AD42B1C2A6989B000D51C6F /* Onboards */ = {
			isa = PBXGroup;
			children = (
				5AD42B1D2A6989D300D51C6F /* Onboard1.swift */,
				5AD42B1F2A6989E700D51C6F /* Onboard2.swift */,
				5AD42B212A6989F700D51C6F /* Onboard3.swift */,
				5AD42B232A698A0200D51C6F /* Onboard4.swift */,
				5AD42B252A698A0D00D51C6F /* Onboard5.swift */,
			);
			path = Onboards;
			sourceTree = "<group>";
		};
		5AD42B4B2A6A711B00D51C6F /* Database */ = {
			isa = PBXGroup;
			children = (
				5A10A2432A6CBF060081160D /* DatabaseManager.swift */,
				5A4526E02A70FECE001E2028 /* StorageManager.swift */,
			);
			path = Database;
			sourceTree = "<group>";
		};
		FDA203BAD204800112EB8E67 /* Pods */ = {
			isa = PBXGroup;
			children = (
				3E3EA8A07981477575C9210C /* Pods-OutDoor.debug.xcconfig */,
				B6D1910465F3EBB171A8CCA3 /* Pods-OutDoor.release.xcconfig */,
			);
			path = Pods;
			sourceTree = "<group>";
		};
/* End PBXGroup section */

/* Begin PBXNativeTarget section */
		5AD42AA22A68DE7400D51C6F /* OutDoor */ = {
			isa = PBXNativeTarget;
			buildConfigurationList = 5AD42AB72A68DE7600D51C6F /* Build configuration list for PBXNativeTarget "OutDoor" */;
			buildPhases = (
				D69AA8D3D613FA1511E34449 /* [CP] Check Pods Manifest.lock */,
				5AD42A9F2A68DE7400D51C6F /* Sources */,
				5AD42AA02A68DE7400D51C6F /* Frameworks */,
				5AD42AA12A68DE7400D51C6F /* Resources */,
				6D2BCBF12A6D25078E9D6058 /* [CP] Embed Pods Frameworks */,
			);
			buildRules = (
			);
			dependencies = (
			);
			name = OutDoor;
			productName = OutDoor;
			productReference = 5AD42AA32A68DE7400D51C6F /* OutDoor.app */;
			productType = "com.apple.product-type.application";
		};
/* End PBXNativeTarget section */

/* Begin PBXProject section */
		5AD42A9B2A68DE7400D51C6F /* Project object */ = {
			isa = PBXProject;
			attributes = {
				BuildIndependentTargetsInParallel = 1;
				LastSwiftUpdateCheck = 1430;
				LastUpgradeCheck = 1430;
				TargetAttributes = {
					5AD42AA22A68DE7400D51C6F = {
						CreatedOnToolsVersion = 14.3.1;
					};
				};
			};
			buildConfigurationList = 5AD42A9E2A68DE7400D51C6F /* Build configuration list for PBXProject "OutDoor" */;
			compatibilityVersion = "Xcode 14.0";
			developmentRegion = en;
			hasScannedForEncodings = 0;
			knownRegions = (
				en,
				Base,
				vi,
			);
			mainGroup = 5AD42A9A2A68DE7400D51C6F;
			productRefGroup = 5AD42AA42A68DE7400D51C6F /* Products */;
			projectDirPath = "";
			projectRoot = "";
			targets = (
				5AD42AA22A68DE7400D51C6F /* OutDoor */,
			);
		};
/* End PBXProject section */

/* Begin PBXResourcesBuildPhase section */
		5AD42AA12A68DE7400D51C6F /* Resources */ = {
			isa = PBXResourcesBuildPhase;
			buildActionMask = 2147483647;
			files = (
				5AAE200A2A72CAC3000EA78D /* EditUserInfoCell.xib in Resources */,
				5AD42AF62A69565D00D51C6F /* SanFranciscoText-ItalicG3.otf in Resources */,
				5AD42B152A69565D00D51C6F /* SanFranciscoDisplay-Light.otf in Resources */,
				5AD42B012A69565D00D51C6F /* SanFranciscoText-ItalicG2.otf in Resources */,
				5AD42AF72A69565D00D51C6F /* SanFranciscoText-LightItalic.otf in Resources */,
				5AD42AB32A68DE7600D51C6F /* LaunchScreen.storyboard in Resources */,
				5AC082D32A84757400FF8B84 /* VideoLibraryCollectionViewCell.xib in Resources */,
				5AD42B082A69565D00D51C6F /* SanFranciscoText-Italic.otf in Resources */,
				5AAE1FFA2A72B8A1000EA78D /* SettingCell.xib in Resources */,
				5AAE203A2A77A1CA000EA78D /* Localizable.strings in Resources */,
				5AD42B002A69565D00D51C6F /* SanFranciscoText-Thin.otf in Resources */,
				5AD42B042A69565D00D51C6F /* SanFranciscoDisplay-Regular.otf in Resources */,
				5AD42B0C2A69565D00D51C6F /* SanFranciscoText-BoldItalic.otf in Resources */,
				5AD42AFB2A69565D00D51C6F /* SanFranciscoText-RegularG1.otf in Resources */,
				5AD42B0D2A69565D00D51C6F /* SanFranciscoText-Light.otf in Resources */,
				5AD42AFF2A69565D00D51C6F /* SanFranciscoText-Semibold.otf in Resources */,
				5AD42AF82A69565D00D51C6F /* SanFranciscoText-Medium.otf in Resources */,
				5AD42AFC2A69565D00D51C6F /* SanFranciscoText-MediumItalic.otf in Resources */,
				5AD42B072A69565D00D51C6F /* SanFranciscoText-RegularG2.otf in Resources */,
				5AD42B0E2A69565D00D51C6F /* SanFranciscoDisplay-Ultralight.otf in Resources */,
				5AD42ABB2A68DF7E00D51C6F /* GoogleService-Info.plist in Resources */,
				5AD42AF42A69565D00D51C6F /* SanFranciscoText-ItalicG1.otf in Resources */,
				5AD42B092A69565D00D51C6F /* SanFranciscoText-Bold.otf in Resources */,
				5AD42AF32A69565D00D51C6F /* SanFranciscoText-BoldItalicG2.otf in Resources */,
				5AD42B122A69565D00D51C6F /* SanFranciscoText-SemiboldItalic.otf in Resources */,
				5AD42B0B2A69565D00D51C6F /* SanFranciscoDisplay-Thin.otf in Resources */,
				5AAE20092A72CAC3000EA78D /* UpDateUserInfoCell.xib in Resources */,
				5AD42AFD2A69565D00D51C6F /* SanFranciscoText-BoldItalicG1.otf in Resources */,
				5AD42AF92A69565D00D51C6F /* SanFranciscoDisplay-Bold.otf in Resources */,
				5AC082DB2A86BE2F00FF8B84 /* PhotoLibraryCollectionViewCell.xib in Resources */,
				5AD42AF52A69565D00D51C6F /* SanFranciscoDisplay-Black.otf in Resources */,
				5AD42B0A2A69565D00D51C6F /* SanFranciscoText-BoldItalicG3.otf in Resources */,
				5AD42AFA2A69565D00D51C6F /* SanFranciscoText-BoldG3.otf in Resources */,
				5AD42B112A69565D00D51C6F /* SanFranciscoText-Regular.otf in Resources */,
				5AD42AFE2A69565D00D51C6F /* SanFranciscoText-RegularG3.otf in Resources */,
				5AD42B132A69565D00D51C6F /* SanFranciscoDisplay-Medium.otf in Resources */,
				5AD42AB02A68DE7600D51C6F /* Assets.xcassets in Resources */,
				5AD42B052A69565D00D51C6F /* SanFranciscoDisplay-Semibold.otf in Resources */,
				5AD42B032A69565D00D51C6F /* SanFranciscoText-BoldG1.otf in Resources */,
				5AD42AAE2A68DE7400D51C6F /* Main.storyboard in Resources */,
				5AD42B102A69565D00D51C6F /* SanFranciscoText-Heavy.otf in Resources */,
				5AD42B0F2A69565D00D51C6F /* SanFranciscoText-BoldG2.otf in Resources */,
				5AD42B062A69565D00D51C6F /* SanFranciscoDisplay-Heavy.otf in Resources */,
				5AD42B142A69565D00D51C6F /* SanFranciscoText-HeavyItalic.otf in Resources */,
				5AD42B022A69565D00D51C6F /* SanFranciscoText-ThinItalic.otf in Resources */,
			);
			runOnlyForDeploymentPostprocessing = 0;
		};
/* End PBXResourcesBuildPhase section */

/* Begin PBXShellScriptBuildPhase section */
		6D2BCBF12A6D25078E9D6058 /* [CP] Embed Pods Frameworks */ = {
			isa = PBXShellScriptBuildPhase;
			buildActionMask = 2147483647;
			files = (
			);
			inputFileListPaths = (
				"${PODS_ROOT}/Target Support Files/Pods-OutDoor/Pods-OutDoor-frameworks-${CONFIGURATION}-input-files.xcfilelist",
			);
			name = "[CP] Embed Pods Frameworks";
			outputFileListPaths = (
				"${PODS_ROOT}/Target Support Files/Pods-OutDoor/Pods-OutDoor-frameworks-${CONFIGURATION}-output-files.xcfilelist",
			);
			runOnlyForDeploymentPostprocessing = 0;
			shellPath = /bin/sh;
			shellScript = "\"${PODS_ROOT}/Target Support Files/Pods-OutDoor/Pods-OutDoor-frameworks.sh\"\n";
			showEnvVarsInLog = 0;
		};
		D69AA8D3D613FA1511E34449 /* [CP] Check Pods Manifest.lock */ = {
			isa = PBXShellScriptBuildPhase;
			buildActionMask = 2147483647;
			files = (
			);
			inputFileListPaths = (
			);
			inputPaths = (
				"${PODS_PODFILE_DIR_PATH}/Podfile.lock",
				"${PODS_ROOT}/Manifest.lock",
			);
			name = "[CP] Check Pods Manifest.lock";
			outputFileListPaths = (
			);
			outputPaths = (
				"$(DERIVED_FILE_DIR)/Pods-OutDoor-checkManifestLockResult.txt",
			);
			runOnlyForDeploymentPostprocessing = 0;
			shellPath = /bin/sh;
			shellScript = "diff \"${PODS_PODFILE_DIR_PATH}/Podfile.lock\" \"${PODS_ROOT}/Manifest.lock\" > /dev/null\nif [ $? != 0 ] ; then\n    # print error to STDERR\n    echo \"error: The sandbox is not in sync with the Podfile.lock. Run 'pod install' or update your CocoaPods installation.\" >&2\n    exit 1\nfi\n# This output is used by Xcode 'outputs' to avoid re-running this script phase.\necho \"SUCCESS\" > \"${SCRIPT_OUTPUT_FILE_0}\"\n";
			showEnvVarsInLog = 0;
		};
/* End PBXShellScriptBuildPhase section */

/* Begin PBXSourcesBuildPhase section */
		5AD42A9F2A68DE7400D51C6F /* Sources */ = {
			isa = PBXSourcesBuildPhase;
			buildActionMask = 2147483647;
			files = (
				5A45267B2A6FDAE9001E2028 /* SearchViewController.swift in Sources */,
				5A45267F2A6FDB09001E2028 /* UserInfoViewController.swift in Sources */,
				5AAB15722A7D3A55007FD20A /* scroll+ EX.swift in Sources */,
				5A4526702A6F5C3F001E2028 /* HomeContainerViewController.swift in Sources */,
				5AD42B172A69700100D51C6F /* UITextViewEX+UILableEX.swift in Sources */,
				5AD42B4A2A6A605900D51C6F /* WelcomeViewController.swift in Sources */,
				5AAE1FF52A72A970000EA78D /* SettingViewController.swift in Sources */,
				5AD42B222A6989F700D51C6F /* Onboard3.swift in Sources */,
				5A4526762A6F5CE3001E2028 /* FollowingViewController.swift in Sources */,
				5AD42AC82A69314A00D51C6F /* Observable.swift in Sources */,
				5AAE20462A79E8DD000EA78D /* PostViewController.swift in Sources */,
				5AD42ACC2A693F6500D51C6F /* CustomSlider.swift in Sources */,
				5AD42ABF2A6929BB00D51C6F /* Constains.swift in Sources */,
				5AD42B202A6989E700D51C6F /* Onboard2.swift in Sources */,
				5AD42ACA2A69316900D51C6F /* ScaleImage.swift in Sources */,
				5A4526742A6F5CBF001E2028 /* BreakingNewsViewController.swift in Sources */,
				5AD42AAB2A68DE7400D51C6F /* ViewController.swift in Sources */,
				5AD42B242A698A0200D51C6F /* Onboard4.swift in Sources */,
				5AD42AC22A6930BE00D51C6F /* UIColor+EX.swift in Sources */,
				5AAE20032A72C973000EA78D /* UserInfoDetailViewController.swift in Sources */,
				5A45266A2A6F564F001E2028 /* TabBarViewController.swift in Sources */,
				5AAB15742A7D5F14007FD20A /* UIViewControllerEX.swift in Sources */,
				5A10A2442A6CBF060081160D /* DatabaseManager.swift in Sources */,
				5AAE20372A76D684000EA78D /* PreviewAvatarViewController.swift in Sources */,
				5A45267D2A6FDAF8001E2028 /* NotificViewController.swift in Sources */,
				5A10A2472A6CFB9D0081160D /* OudoorUser.swift in Sources */,
				5A4526722A6F5CA3001E2028 /* SpotlightViewController.swift in Sources */,
				5AD42B282A6A1A6600D51C6F /* UIView+EX.swift in Sources */,
				5AAE200B2A72CAC3000EA78D /* EditUserInfoCell.swift in Sources */,
				5A4526782A6F5D8C001E2028 /* HomeViewController.swift in Sources */,
				5AC082D22A84757400FF8B84 /* VideoLibraryCollectionViewCell.swift in Sources */,
				5AD42B1B2A69859B00D51C6F /* OnboardViewController.swift in Sources */,
				5AAE1FF72A72B529000EA78D /* Setting.swift in Sources */,
				5AAE20012A72C973000EA78D /* ChangeUserDescriptionViewController.swift in Sources */,
				5AAE1FFB2A72B8A1000EA78D /* SettingCell.swift in Sources */,
				5AC082DA2A86BE2F00FF8B84 /* PhotoLibraryCollectionViewCell.swift in Sources */,
				5A4526E12A70FECE001E2028 /* StorageManager.swift in Sources */,
				5AD42AC62A69312E00D51C6F /* Objc+AssociatedValue.swift in Sources */,
				5AD42AA72A68DE7400D51C6F /* AppDelegate.swift in Sources */,
				5A10A2492A6D400C0081160D /* UIButtonEX.swift in Sources */,
				5AD42B262A698A0D00D51C6F /* Onboard5.swift in Sources */,
				5AD42AC42A69310800D51C6F /* UIImage+EX.swift in Sources */,
				5AAE20022A72C973000EA78D /* UpdateUserInfoViewController.swift in Sources */,
				5AD42AA92A68DE7400D51C6F /* SceneDelegate.swift in Sources */,
				5AD42ACE2A69416700D51C6F /* LoginViewController.swift in Sources */,
				5AAE200D2A73A254000EA78D /* String+EX.swift in Sources */,
				5AAE1FFD2A72B98E000EA78D /* UIAlertEX.swift in Sources */,
				5AD42B1E2A6989D300D51C6F /* Onboard1.swift in Sources */,
				5AAE20082A72CAC3000EA78D /* UpDateUserInfoCell.swift in Sources */,
				5AC082D72A853D9A00FF8B84 /* GaleryItemViewController.swift in Sources */,
			);
			runOnlyForDeploymentPostprocessing = 0;
		};
/* End PBXSourcesBuildPhase section */

/* Begin PBXVariantGroup section */
		5AAE203C2A77A1CA000EA78D /* Localizable.strings */ = {
			isa = PBXVariantGroup;
			children = (
				5AAE203B2A77A1CA000EA78D /* en */,
				5AAE203F2A77A250000EA78D /* vi */,
			);
			name = Localizable.strings;
			sourceTree = "<group>";
		};
		5AD42AAC2A68DE7400D51C6F /* Main.storyboard */ = {
			isa = PBXVariantGroup;
			children = (
				5AD42AAD2A68DE7400D51C6F /* Base */,
				5AAE203D2A77A24F000EA78D /* vi */,
			);
			name = Main.storyboard;
			sourceTree = "<group>";
		};
		5AD42AB12A68DE7600D51C6F /* LaunchScreen.storyboard */ = {
			isa = PBXVariantGroup;
			children = (
				5AD42AB22A68DE7600D51C6F /* Base */,
				5AAE203E2A77A250000EA78D /* vi */,
			);
			name = LaunchScreen.storyboard;
			sourceTree = "<group>";
		};
/* End PBXVariantGroup section */

/* Begin XCBuildConfiguration section */
		5AD42AB52A68DE7600D51C6F /* Debug */ = {
			isa = XCBuildConfiguration;
			buildSettings = {
				ALWAYS_SEARCH_USER_PATHS = NO;
				CLANG_ANALYZER_LOCALIZABILITY_NONLOCALIZED = YES;
				CLANG_ANALYZER_NONNULL = YES;
				CLANG_ANALYZER_NUMBER_OBJECT_CONVERSION = YES_AGGRESSIVE;
				CLANG_CXX_LANGUAGE_STANDARD = "gnu++20";
				CLANG_ENABLE_MODULES = YES;
				CLANG_ENABLE_OBJC_ARC = YES;
				CLANG_ENABLE_OBJC_WEAK = YES;
				CLANG_WARN_BLOCK_CAPTURE_AUTORELEASING = YES;
				CLANG_WARN_BOOL_CONVERSION = YES;
				CLANG_WARN_COMMA = YES;
				CLANG_WARN_CONSTANT_CONVERSION = YES;
				CLANG_WARN_DEPRECATED_OBJC_IMPLEMENTATIONS = YES;
				CLANG_WARN_DIRECT_OBJC_ISA_USAGE = YES_ERROR;
				CLANG_WARN_DOCUMENTATION_COMMENTS = YES;
				CLANG_WARN_EMPTY_BODY = YES;
				CLANG_WARN_ENUM_CONVERSION = YES;
				CLANG_WARN_INFINITE_RECURSION = YES;
				CLANG_WARN_INT_CONVERSION = YES;
				CLANG_WARN_NON_LITERAL_NULL_CONVERSION = YES;
				CLANG_WARN_OBJC_IMPLICIT_RETAIN_SELF = YES;
				CLANG_WARN_OBJC_LITERAL_CONVERSION = YES;
				CLANG_WARN_OBJC_ROOT_CLASS = YES_ERROR;
				CLANG_WARN_QUOTED_INCLUDE_IN_FRAMEWORK_HEADER = YES;
				CLANG_WARN_RANGE_LOOP_ANALYSIS = YES;
				CLANG_WARN_STRICT_PROTOTYPES = YES;
				CLANG_WARN_SUSPICIOUS_MOVE = YES;
				CLANG_WARN_UNGUARDED_AVAILABILITY = YES_AGGRESSIVE;
				CLANG_WARN_UNREACHABLE_CODE = YES;
				CLANG_WARN__DUPLICATE_METHOD_MATCH = YES;
				COPY_PHASE_STRIP = NO;
				DEBUG_INFORMATION_FORMAT = dwarf;
				ENABLE_STRICT_OBJC_MSGSEND = YES;
				ENABLE_TESTABILITY = YES;
				GCC_C_LANGUAGE_STANDARD = gnu11;
				GCC_DYNAMIC_NO_PIC = NO;
				GCC_NO_COMMON_BLOCKS = YES;
				GCC_OPTIMIZATION_LEVEL = 0;
				GCC_PREPROCESSOR_DEFINITIONS = (
					"DEBUG=1",
					"$(inherited)",
				);
				GCC_WARN_64_TO_32_BIT_CONVERSION = YES;
				GCC_WARN_ABOUT_RETURN_TYPE = YES_ERROR;
				GCC_WARN_UNDECLARED_SELECTOR = YES;
				GCC_WARN_UNINITIALIZED_AUTOS = YES_AGGRESSIVE;
				GCC_WARN_UNUSED_FUNCTION = YES;
				GCC_WARN_UNUSED_VARIABLE = YES;
				IPHONEOS_DEPLOYMENT_TARGET = 16.4;
				MTL_ENABLE_DEBUG_INFO = INCLUDE_SOURCE;
				MTL_FAST_MATH = YES;
				ONLY_ACTIVE_ARCH = YES;
				SDKROOT = iphoneos;
				SWIFT_ACTIVE_COMPILATION_CONDITIONS = DEBUG;
				SWIFT_OPTIMIZATION_LEVEL = "-Onone";
			};
			name = Debug;
		};
		5AD42AB62A68DE7600D51C6F /* Release */ = {
			isa = XCBuildConfiguration;
			buildSettings = {
				ALWAYS_SEARCH_USER_PATHS = NO;
				CLANG_ANALYZER_LOCALIZABILITY_NONLOCALIZED = YES;
				CLANG_ANALYZER_NONNULL = YES;
				CLANG_ANALYZER_NUMBER_OBJECT_CONVERSION = YES_AGGRESSIVE;
				CLANG_CXX_LANGUAGE_STANDARD = "gnu++20";
				CLANG_ENABLE_MODULES = YES;
				CLANG_ENABLE_OBJC_ARC = YES;
				CLANG_ENABLE_OBJC_WEAK = YES;
				CLANG_WARN_BLOCK_CAPTURE_AUTORELEASING = YES;
				CLANG_WARN_BOOL_CONVERSION = YES;
				CLANG_WARN_COMMA = YES;
				CLANG_WARN_CONSTANT_CONVERSION = YES;
				CLANG_WARN_DEPRECATED_OBJC_IMPLEMENTATIONS = YES;
				CLANG_WARN_DIRECT_OBJC_ISA_USAGE = YES_ERROR;
				CLANG_WARN_DOCUMENTATION_COMMENTS = YES;
				CLANG_WARN_EMPTY_BODY = YES;
				CLANG_WARN_ENUM_CONVERSION = YES;
				CLANG_WARN_INFINITE_RECURSION = YES;
				CLANG_WARN_INT_CONVERSION = YES;
				CLANG_WARN_NON_LITERAL_NULL_CONVERSION = YES;
				CLANG_WARN_OBJC_IMPLICIT_RETAIN_SELF = YES;
				CLANG_WARN_OBJC_LITERAL_CONVERSION = YES;
				CLANG_WARN_OBJC_ROOT_CLASS = YES_ERROR;
				CLANG_WARN_QUOTED_INCLUDE_IN_FRAMEWORK_HEADER = YES;
				CLANG_WARN_RANGE_LOOP_ANALYSIS = YES;
				CLANG_WARN_STRICT_PROTOTYPES = YES;
				CLANG_WARN_SUSPICIOUS_MOVE = YES;
				CLANG_WARN_UNGUARDED_AVAILABILITY = YES_AGGRESSIVE;
				CLANG_WARN_UNREACHABLE_CODE = YES;
				CLANG_WARN__DUPLICATE_METHOD_MATCH = YES;
				COPY_PHASE_STRIP = NO;
				DEBUG_INFORMATION_FORMAT = "dwarf-with-dsym";
				ENABLE_NS_ASSERTIONS = NO;
				ENABLE_STRICT_OBJC_MSGSEND = YES;
				GCC_C_LANGUAGE_STANDARD = gnu11;
				GCC_NO_COMMON_BLOCKS = YES;
				GCC_WARN_64_TO_32_BIT_CONVERSION = YES;
				GCC_WARN_ABOUT_RETURN_TYPE = YES_ERROR;
				GCC_WARN_UNDECLARED_SELECTOR = YES;
				GCC_WARN_UNINITIALIZED_AUTOS = YES_AGGRESSIVE;
				GCC_WARN_UNUSED_FUNCTION = YES;
				GCC_WARN_UNUSED_VARIABLE = YES;
				IPHONEOS_DEPLOYMENT_TARGET = 16.4;
				MTL_ENABLE_DEBUG_INFO = NO;
				MTL_FAST_MATH = YES;
				SDKROOT = iphoneos;
				SWIFT_COMPILATION_MODE = wholemodule;
				SWIFT_OPTIMIZATION_LEVEL = "-O";
				VALIDATE_PRODUCT = YES;
			};
			name = Release;
		};
		5AD42AB82A68DE7600D51C6F /* Debug */ = {
			isa = XCBuildConfiguration;
			baseConfigurationReference = 3E3EA8A07981477575C9210C /* Pods-OutDoor.debug.xcconfig */;
			buildSettings = {
				ASSETCATALOG_COMPILER_APPICON_NAME = AppIcon;
				ASSETCATALOG_COMPILER_GLOBAL_ACCENT_COLOR_NAME = AccentColor;
				CODE_SIGN_STYLE = Automatic;
				CURRENT_PROJECT_VERSION = 1;
				GENERATE_INFOPLIST_FILE = YES;
				INFOPLIST_FILE = OutDoor/Info.plist;
				INFOPLIST_KEY_UIApplicationSupportsIndirectInputEvents = YES;
				INFOPLIST_KEY_UILaunchStoryboardName = LaunchScreen;
				INFOPLIST_KEY_UIMainStoryboardFile = Main;
				INFOPLIST_KEY_UISupportedInterfaceOrientations_iPad = "UIInterfaceOrientationPortrait UIInterfaceOrientationPortraitUpsideDown UIInterfaceOrientationLandscapeLeft UIInterfaceOrientationLandscapeRight";
				INFOPLIST_KEY_UISupportedInterfaceOrientations_iPhone = "UIInterfaceOrientationPortrait UIInterfaceOrientationLandscapeLeft UIInterfaceOrientationLandscapeRight";
				LD_RUNPATH_SEARCH_PATHS = (
					"$(inherited)",
					"@executable_path/Frameworks",
				);
				MARKETING_VERSION = 1.0;
				PRODUCT_BUNDLE_IDENTIFIER = com.OutDoor;
				PRODUCT_NAME = "$(TARGET_NAME)";
				SWIFT_EMIT_LOC_STRINGS = YES;
				SWIFT_VERSION = 5.0;
				TARGETED_DEVICE_FAMILY = "1,2";
			};
			name = Debug;
		};
		5AD42AB92A68DE7600D51C6F /* Release */ = {
			isa = XCBuildConfiguration;
			baseConfigurationReference = B6D1910465F3EBB171A8CCA3 /* Pods-OutDoor.release.xcconfig */;
			buildSettings = {
				ASSETCATALOG_COMPILER_APPICON_NAME = AppIcon;
				ASSETCATALOG_COMPILER_GLOBAL_ACCENT_COLOR_NAME = AccentColor;
				CODE_SIGN_STYLE = Automatic;
				CURRENT_PROJECT_VERSION = 1;
				GENERATE_INFOPLIST_FILE = YES;
				INFOPLIST_FILE = OutDoor/Info.plist;
				INFOPLIST_KEY_UIApplicationSupportsIndirectInputEvents = YES;
				INFOPLIST_KEY_UILaunchStoryboardName = LaunchScreen;
				INFOPLIST_KEY_UIMainStoryboardFile = Main;
				INFOPLIST_KEY_UISupportedInterfaceOrientations_iPad = "UIInterfaceOrientationPortrait UIInterfaceOrientationPortraitUpsideDown UIInterfaceOrientationLandscapeLeft UIInterfaceOrientationLandscapeRight";
				INFOPLIST_KEY_UISupportedInterfaceOrientations_iPhone = "UIInterfaceOrientationPortrait UIInterfaceOrientationLandscapeLeft UIInterfaceOrientationLandscapeRight";
				LD_RUNPATH_SEARCH_PATHS = (
					"$(inherited)",
					"@executable_path/Frameworks",
				);
				MARKETING_VERSION = 1.0;
				PRODUCT_BUNDLE_IDENTIFIER = com.OutDoor;
				PRODUCT_NAME = "$(TARGET_NAME)";
				SWIFT_EMIT_LOC_STRINGS = YES;
				SWIFT_VERSION = 5.0;
				TARGETED_DEVICE_FAMILY = "1,2";
			};
			name = Release;
		};
/* End XCBuildConfiguration section */

/* Begin XCConfigurationList section */
		5AD42A9E2A68DE7400D51C6F /* Build configuration list for PBXProject "OutDoor" */ = {
			isa = XCConfigurationList;
			buildConfigurations = (
				5AD42AB52A68DE7600D51C6F /* Debug */,
				5AD42AB62A68DE7600D51C6F /* Release */,
			);
			defaultConfigurationIsVisible = 0;
			defaultConfigurationName = Release;
		};
		5AD42AB72A68DE7600D51C6F /* Build configuration list for PBXNativeTarget "OutDoor" */ = {
			isa = XCConfigurationList;
			buildConfigurations = (
				5AD42AB82A68DE7600D51C6F /* Debug */,
				5AD42AB92A68DE7600D51C6F /* Release */,
			);
			defaultConfigurationIsVisible = 0;
			defaultConfigurationName = Release;
		};
/* End XCConfigurationList section */
	};
	rootObject = 5AD42A9B2A68DE7400D51C6F /* Project object */;
}
